
Microsoft Visual Studio Solution File, Format Version 12.00
# Visual Studio Version 17
VisualStudioVersion = 17.3.32825.248
MinimumVisualStudioVersion = 10.0.40219.1
Project("{FAE04EC0-301F-11D3-BF4B-00C04F79EFBC}") = "ImprovedCalculator", "ImprovedCalculator\ImprovedCalculator.csproj", "{35FF14D7-E08F-4767-844A-A275802F88F6}"
EndProject
Global
	GlobalSection(SolutionConfigurationPlatforms) = preSolution
		Debug|Any CPU = Debug|Any CPU
		Release|Any CPU = Release|Any CPU
	EndGlobalSection
	GlobalSection(ProjectConfigurationPlatforms) = postSolution
		{35FF14D7-E08F-4767-844A-A275802F88F6}.Debug|Any CPU.ActiveCfg = Debug|Any CPU
		{35FF14D7-E08F-4767-844A-A275802F88F6}.Debug|Any CPU.Build.0 = Debug|Any CPU
		{35FF14D7-E08F-4767-844A-A275802F88F6}.Release|Any CPU.ActiveCfg = Release|Any CPU
		{35FF14D7-E08F-4767-844A-A275802F88F6}.Release|Any CPU.Build.0 = Release|Any CPU
	EndGlobalSection
	GlobalSection(SolutionProperties) = preSolution
		HideSolutionNode = FALSE
	EndGlobalSection
	GlobalSection(ExtensibilityGlobals) = postSolution
		SolutionGuid = {49583752-1FA0-4EF5-A373-0B6F696273F1}
	EndGlobalSection
EndGlobal
